
Microsoft Visual Studio Solution File, Format Version 12.00
# 
Project("{FAE04EC0-301F-11D3-BF4B-00C04F79EFBC}") = "Validator", "Validator\Validator.csproj", "{21A3C31E-0789-40A0-817C-B06A3B5CF1FC}"
EndProject
Project("{FAE04EC0-301F-11D3-BF4B-00C04F79EFBC}") = "Validator.Tests", "Validator.Tests\Validator.Tests.csproj", "{5F8F943C-83BF-4287-8EBD-2298EA54906E}"
EndProject
Project("{FAE04EC0-301F-11D3-BF4B-00C04F79EFBC}") = "Validator.Abstractions", "Validator.Abstractions\Validator.Abstractions.csproj", "{895F6AF5-C202-48C8-A299-0BEC4CAB5086}"
EndProject
Global
	GlobalSection(SolutionConfigurationPlatforms) = preSolution
		Debug|Any CPU = Debug|Any CPU
		Release|Any CPU = Release|Any CPU
	EndGlobalSection
	GlobalSection(ProjectConfigurationPlatforms) = postSolution
		{21A3C31E-0789-40A0-817C-B06A3B5CF1FC}.Debug|Any CPU.ActiveCfg = Debug|Any CPU
		{21A3C31E-0789-40A0-817C-B06A3B5CF1FC}.Debug|Any CPU.Build.0 = Debug|Any CPU
		{21A3C31E-0789-40A0-817C-B06A3B5CF1FC}.Release|Any CPU.ActiveCfg = Release|Any CPU
		{21A3C31E-0789-40A0-817C-B06A3B5CF1FC}.Release|Any CPU.Build.0 = Release|Any CPU
		{5F8F943C-83BF-4287-8EBD-2298EA54906E}.Debug|Any CPU.ActiveCfg = Debug|Any CPU
		{5F8F943C-83BF-4287-8EBD-2298EA54906E}.Debug|Any CPU.Build.0 = Debug|Any CPU
		{5F8F943C-83BF-4287-8EBD-2298EA54906E}.Release|Any CPU.ActiveCfg = Release|Any CPU
		{5F8F943C-83BF-4287-8EBD-2298EA54906E}.Release|Any CPU.Build.0 = Release|Any CPU
		{895F6AF5-C202-48C8-A299-0BEC4CAB5086}.Debug|Any CPU.ActiveCfg = Debug|Any CPU
		{895F6AF5-C202-48C8-A299-0BEC4CAB5086}.Debug|Any CPU.Build.0 = Debug|Any CPU
		{895F6AF5-C202-48C8-A299-0BEC4CAB5086}.Release|Any CPU.ActiveCfg = Release|Any CPU
		{895F6AF5-C202-48C8-A299-0BEC4CAB5086}.Release|Any CPU.Build.0 = Release|Any CPU
	EndGlobalSection
EndGlobal
